// !$*UTF8*$!
{
	archiveVersion = 1;
	classes = {
	};
	objectVersion = 50;
	objects = {

/* Begin PBXBuildFile section */
		1B050207273168C6001A1189 /* BKTransactionContext.swift in Sources */ = {isa = PBXBuildFile; fileRef = 1B0501FB273168C5001A1189 /* BKTransactionContext.swift */; };
		1B050208273168C6001A1189 /* BK_INSTutorialVC.swift in Sources */ = {isa = PBXBuildFile; fileRef = 1B0501FC273168C5001A1189 /* BK_INSTutorialVC.swift */; };
		1B050209273168C6001A1189 /* BKMatchTransactionView.swift in Sources */ = {isa = PBXBuildFile; fileRef = 1B0501FD273168C5001A1189 /* BKMatchTransactionView.swift */; };
		1B05020A273168C6001A1189 /* BK_INSNonprofitButton.swift in Sources */ = {isa = PBXBuildFile; fileRef = 1B0501FE273168C5001A1189 /* BK_INSNonprofitButton.swift */; };
		1B05020B273168C6001A1189 /* BKTransactionView.swift in Sources */ = {isa = PBXBuildFile; fileRef = 1B0501FF273168C5001A1189 /* BKTransactionView.swift */; };
		1B05020C273168C6001A1189 /* NonprofitAPI.swift in Sources */ = {isa = PBXBuildFile; fileRef = 1B050200273168C5001A1189 /* NonprofitAPI.swift */; };
		1B05020D273168C6001A1189 /* NonprofitView.swift in Sources */ = {isa = PBXBuildFile; fileRef = 1B050201273168C5001A1189 /* NonprofitView.swift */; };
		1B05020E273168C6001A1189 /* TransactionAPI.swift in Sources */ = {isa = PBXBuildFile; fileRef = 1B050202273168C5001A1189 /* TransactionAPI.swift */; };
		1B05020F273168C6001A1189 /* Transaction.swift in Sources */ = {isa = PBXBuildFile; fileRef = 1B050203273168C5001A1189 /* Transaction.swift */; };
		1B050210273168C6001A1189 /* BK_INSTutorialDialogVC.swift in Sources */ = {isa = PBXBuildFile; fileRef = 1B050204273168C5001A1189 /* BK_INSTutorialDialogVC.swift */; };
		1B050211273168C6001A1189 /* BKChooseNonprofitVC.swift in Sources */ = {isa = PBXBuildFile; fileRef = 1B050205273168C6001A1189 /* BKChooseNonprofitVC.swift */; };
		1B050212273168C6001A1189 /* BK_INSChooseNonprofitVC.swift in Sources */ = {isa = PBXBuildFile; fileRef = 1B050206273168C6001A1189 /* BK_INSChooseNonprofitVC.swift */; };
		1B05021A2731691D001A1189 /* BeamError.swift in Sources */ = {isa = PBXBuildFile; fileRef = 1B0502162731691D001A1189 /* BeamError.swift */; };
		1B05021B2731691D001A1189 /* BKManager.swift in Sources */ = {isa = PBXBuildFile; fileRef = 1B0502172731691D001A1189 /* BKManager.swift */; };
		1B05021C2731691D001A1189 /* BeamKitUserAPI.swift in Sources */ = {isa = PBXBuildFile; fileRef = 1B0502182731691D001A1189 /* BeamKitUserAPI.swift */; };
		1B05021D2731691D001A1189 /* BeamKitContext.swift in Sources */ = {isa = PBXBuildFile; fileRef = 1B0502192731691D001A1189 /* BeamKitContext.swift */; };
		1B05022727316949001A1189 /* GradientLayer.swift in Sources */ = {isa = PBXBuildFile; fileRef = 1B05022127316949001A1189 /* GradientLayer.swift */; };
		1B05022827316949001A1189 /* GradientTextView.swift in Sources */ = {isa = PBXBuildFile; fileRef = 1B05022227316949001A1189 /* GradientTextView.swift */; };
		1B05022927316949001A1189 /* BK_INSToolTip.swift in Sources */ = {isa = PBXBuildFile; fileRef = 1B05022327316949001A1189 /* BK_INSToolTip.swift */; };
		1B05022A27316949001A1189 /* ProgressBar.swift in Sources */ = {isa = PBXBuildFile; fileRef = 1B05022427316949001A1189 /* ProgressBar.swift */; };
		1B05022B27316949001A1189 /* BKGradientButton.swift in Sources */ = {isa = PBXBuildFile; fileRef = 1B05022527316949001A1189 /* BKGradientButton.swift */; };
		1B05022C27316949001A1189 /* BackArrowButton.swift in Sources */ = {isa = PBXBuildFile; fileRef = 1B05022627316949001A1189 /* BackArrowButton.swift */; };
		1B05024027316977001A1189 /* BKCommunityImpactCell.swift in Sources */ = {isa = PBXBuildFile; fileRef = 1B05022F27316975001A1189 /* BKCommunityImpactCell.swift */; };
		1B05024127316977001A1189 /* BK_INSCumulativeImpactView.swift in Sources */ = {isa = PBXBuildFile; fileRef = 1B05023027316975001A1189 /* BK_INSCumulativeImpactView.swift */; };
		1B05024227316977001A1189 /* BKImpactContext.swift in Sources */ = {isa = PBXBuildFile; fileRef = 1B05023127316975001A1189 /* BKImpactContext.swift */; };
		1B05024327316977001A1189 /* BKFullImpactVC.swift in Sources */ = {isa = PBXBuildFile; fileRef = 1B05023227316975001A1189 /* BKFullImpactVC.swift */; };
		1B05024427316977001A1189 /* TitleImageView.swift in Sources */ = {isa = PBXBuildFile; fileRef = 1B05023327316976001A1189 /* TitleImageView.swift */; };
		1B05024527316977001A1189 /* BKImpactFlow.swift in Sources */ = {isa = PBXBuildFile; fileRef = 1B05023427316976001A1189 /* BKImpactFlow.swift */; };
		1B05024627316977001A1189 /* BKImpactPageVC.swift in Sources */ = {isa = PBXBuildFile; fileRef = 1B05023527316976001A1189 /* BKImpactPageVC.swift */; };
		1B05024727316977001A1189 /* BKImpactSlideView.swift in Sources */ = {isa = PBXBuildFile; fileRef = 1B05023627316976001A1189 /* BKImpactSlideView.swift */; };
		1B05024827316977001A1189 /* ImpactAPI.swift in Sources */ = {isa = PBXBuildFile; fileRef = 1B05023727316976001A1189 /* ImpactAPI.swift */; };
		1B05024927316977001A1189 /* BkImpactView.swift in Sources */ = {isa = PBXBuildFile; fileRef = 1B05023827316976001A1189 /* BkImpactView.swift */; };
		1B05024A27316977001A1189 /* BK_INSImpactVC.swift in Sources */ = {isa = PBXBuildFile; fileRef = 1B05023927316976001A1189 /* BK_INSImpactVC.swift */; };
		1B05024B27316977001A1189 /* BKImpactCell.swift in Sources */ = {isa = PBXBuildFile; fileRef = 1B05023A27316976001A1189 /* BKImpactCell.swift */; };
		1B05024C27316977001A1189 /* BK_INSCommunityTile.swift in Sources */ = {isa = PBXBuildFile; fileRef = 1B05023B27316976001A1189 /* BK_INSCommunityTile.swift */; };
		1B05024D27316977001A1189 /* BKCommunityImpactVC.swift in Sources */ = {isa = PBXBuildFile; fileRef = 1B05023C27316976001A1189 /* BKCommunityImpactVC.swift */; };
		1B05024E27316977001A1189 /* BKImpactVC.swift in Sources */ = {isa = PBXBuildFile; fileRef = 1B05023D27316976001A1189 /* BKImpactVC.swift */; };
		1B05024F27316977001A1189 /* BK_INSPersonalImpactView.swift in Sources */ = {isa = PBXBuildFile; fileRef = 1B05023E27316976001A1189 /* BK_INSPersonalImpactView.swift */; };
		1B05025027316977001A1189 /* BKImpact.swift in Sources */ = {isa = PBXBuildFile; fileRef = 1B05023F27316976001A1189 /* BKImpact.swift */; };
		1B0502572731699B001A1189 /* Log.swift in Sources */ = {isa = PBXBuildFile; fileRef = 1B0502562731699B001A1189 /* Log.swift */; };
		1B050270273169D1001A1189 /* ImageNetworking.swift in Sources */ = {isa = PBXBuildFile; fileRef = 1B05026D273169D1001A1189 /* ImageNetworking.swift */; };
		1B050271273169D1001A1189 /* Network.swift in Sources */ = {isa = PBXBuildFile; fileRef = 1B05026E273169D1001A1189 /* Network.swift */; };
		1B050272273169D1001A1189 /* URLConvertible.swift in Sources */ = {isa = PBXBuildFile; fileRef = 1B05026F273169D1001A1189 /* URLConvertible.swift */; };
		1B05027B273169EB001A1189 /* Poppins-SemiBold.ttf in Sources */ = {isa = PBXBuildFile; fileRef = 1B050274273169EB001A1189 /* Poppins-SemiBold.ttf */; };
		1B05027C273169EB001A1189 /* Font+Beam.swift in Sources */ = {isa = PBXBuildFile; fileRef = 1B050275273169EB001A1189 /* Font+Beam.swift */; };
		1B05027D273169EB001A1189 /* UIView+Beam.swift in Sources */ = {isa = PBXBuildFile; fileRef = 1B050276273169EB001A1189 /* UIView+Beam.swift */; };
		1B05027E273169EB001A1189 /* Constraints+Beam.swift in Sources */ = {isa = PBXBuildFile; fileRef = 1B050277273169EB001A1189 /* Constraints+Beam.swift */; };
		1B05027F273169EB001A1189 /* Poppins-Regular.ttf in Sources */ = {isa = PBXBuildFile; fileRef = 1B050278273169EB001A1189 /* Poppins-Regular.ttf */; };
		1B050280273169EB001A1189 /* Color+Beam.swift in Sources */ = {isa = PBXBuildFile; fileRef = 1B050279273169EB001A1189 /* Color+Beam.swift */; };
		1B050281273169EB001A1189 /* Poppins-Bold.ttf in Sources */ = {isa = PBXBuildFile; fileRef = 1B05027A273169EB001A1189 /* Poppins-Bold.ttf */; };
		1B05028727316A93001A1189 /* BeamMedia.xcassets in Resources */ = {isa = PBXBuildFile; fileRef = 1B05028627316A93001A1189 /* BeamMedia.xcassets */; };
		1B174E6227315BF300C8F8B3 /* BeamEnterpriseKit.h in Headers */ = {isa = PBXBuildFile; fileRef = 1B174E6027315BF300C8F8B3 /* BeamEnterpriseKit.h */; settings = {ATTRIBUTES = (Public, ); }; };
		1B6F078727316683002A8DBB /* BeamEnterpriseKit.h in Sources */ = {isa = PBXBuildFile; fileRef = 1B174E6027315BF300C8F8B3 /* BeamEnterpriseKit.h */; };
		1BB2E79C273167820043E50C /* BKChooseNonprofitFlow.swift in Sources */ = {isa = PBXBuildFile; fileRef = 1BB2E793273167820043E50C /* BKChooseNonprofitFlow.swift */; };
/* End PBXBuildFile section */

/* Begin PBXFileReference section */
		1B0501FB273168C5001A1189 /* BKTransactionContext.swift */ = {isa = PBXFileReference; lastKnownFileType = sourcecode.swift; path = BKTransactionContext.swift; sourceTree = "<group>"; };
		1B0501FC273168C5001A1189 /* BK_INSTutorialVC.swift */ = {isa = PBXFileReference; lastKnownFileType = sourcecode.swift; path = BK_INSTutorialVC.swift; sourceTree = "<group>"; };
		1B0501FD273168C5001A1189 /* BKMatchTransactionView.swift */ = {isa = PBXFileReference; lastKnownFileType = sourcecode.swift; path = BKMatchTransactionView.swift; sourceTree = "<group>"; };
		1B0501FE273168C5001A1189 /* BK_INSNonprofitButton.swift */ = {isa = PBXFileReference; lastKnownFileType = sourcecode.swift; path = BK_INSNonprofitButton.swift; sourceTree = "<group>"; };
		1B0501FF273168C5001A1189 /* BKTransactionView.swift */ = {isa = PBXFileReference; lastKnownFileType = sourcecode.swift; path = BKTransactionView.swift; sourceTree = "<group>"; };
		1B050200273168C5001A1189 /* NonprofitAPI.swift */ = {isa = PBXFileReference; lastKnownFileType = sourcecode.swift; path = NonprofitAPI.swift; sourceTree = "<group>"; };
		1B050201273168C5001A1189 /* NonprofitView.swift */ = {isa = PBXFileReference; lastKnownFileType = sourcecode.swift; path = NonprofitView.swift; sourceTree = "<group>"; };
		1B050202273168C5001A1189 /* TransactionAPI.swift */ = {isa = PBXFileReference; lastKnownFileType = sourcecode.swift; path = TransactionAPI.swift; sourceTree = "<group>"; };
		1B050203273168C5001A1189 /* Transaction.swift */ = {isa = PBXFileReference; lastKnownFileType = sourcecode.swift; path = Transaction.swift; sourceTree = "<group>"; };
		1B050204273168C5001A1189 /* BK_INSTutorialDialogVC.swift */ = {isa = PBXFileReference; lastKnownFileType = sourcecode.swift; path = BK_INSTutorialDialogVC.swift; sourceTree = "<group>"; };
		1B050205273168C6001A1189 /* BKChooseNonprofitVC.swift */ = {isa = PBXFileReference; lastKnownFileType = sourcecode.swift; path = BKChooseNonprofitVC.swift; sourceTree = "<group>"; };
		1B050206273168C6001A1189 /* BK_INSChooseNonprofitVC.swift */ = {isa = PBXFileReference; lastKnownFileType = sourcecode.swift; path = BK_INSChooseNonprofitVC.swift; sourceTree = "<group>"; };
		1B0502162731691D001A1189 /* BeamError.swift */ = {isa = PBXFileReference; lastKnownFileType = sourcecode.swift; path = BeamError.swift; sourceTree = "<group>"; };
		1B0502172731691D001A1189 /* BKManager.swift */ = {isa = PBXFileReference; lastKnownFileType = sourcecode.swift; path = BKManager.swift; sourceTree = "<group>"; };
		1B0502182731691D001A1189 /* BeamKitUserAPI.swift */ = {isa = PBXFileReference; lastKnownFileType = sourcecode.swift; path = BeamKitUserAPI.swift; sourceTree = "<group>"; };
		1B0502192731691D001A1189 /* BeamKitContext.swift */ = {isa = PBXFileReference; lastKnownFileType = sourcecode.swift; path = BeamKitContext.swift; sourceTree = "<group>"; };
		1B05022127316949001A1189 /* GradientLayer.swift */ = {isa = PBXFileReference; lastKnownFileType = sourcecode.swift; path = GradientLayer.swift; sourceTree = "<group>"; };
		1B05022227316949001A1189 /* GradientTextView.swift */ = {isa = PBXFileReference; lastKnownFileType = sourcecode.swift; path = GradientTextView.swift; sourceTree = "<group>"; };
		1B05022327316949001A1189 /* BK_INSToolTip.swift */ = {isa = PBXFileReference; lastKnownFileType = sourcecode.swift; path = BK_INSToolTip.swift; sourceTree = "<group>"; };
		1B05022427316949001A1189 /* ProgressBar.swift */ = {isa = PBXFileReference; lastKnownFileType = sourcecode.swift; path = ProgressBar.swift; sourceTree = "<group>"; };
		1B05022527316949001A1189 /* BKGradientButton.swift */ = {isa = PBXFileReference; lastKnownFileType = sourcecode.swift; path = BKGradientButton.swift; sourceTree = "<group>"; };
		1B05022627316949001A1189 /* BackArrowButton.swift */ = {isa = PBXFileReference; lastKnownFileType = sourcecode.swift; path = BackArrowButton.swift; sourceTree = "<group>"; };
		1B05022F27316975001A1189 /* BKCommunityImpactCell.swift */ = {isa = PBXFileReference; lastKnownFileType = sourcecode.swift; path = BKCommunityImpactCell.swift; sourceTree = "<group>"; };
		1B05023027316975001A1189 /* BK_INSCumulativeImpactView.swift */ = {isa = PBXFileReference; lastKnownFileType = sourcecode.swift; path = BK_INSCumulativeImpactView.swift; sourceTree = "<group>"; };
		1B05023127316975001A1189 /* BKImpactContext.swift */ = {isa = PBXFileReference; lastKnownFileType = sourcecode.swift; path = BKImpactContext.swift; sourceTree = "<group>"; };
		1B05023227316975001A1189 /* BKFullImpactVC.swift */ = {isa = PBXFileReference; lastKnownFileType = sourcecode.swift; path = BKFullImpactVC.swift; sourceTree = "<group>"; };
		1B05023327316976001A1189 /* TitleImageView.swift */ = {isa = PBXFileReference; lastKnownFileType = sourcecode.swift; path = TitleImageView.swift; sourceTree = "<group>"; };
		1B05023427316976001A1189 /* BKImpactFlow.swift */ = {isa = PBXFileReference; lastKnownFileType = sourcecode.swift; path = BKImpactFlow.swift; sourceTree = "<group>"; };
		1B05023527316976001A1189 /* BKImpactPageVC.swift */ = {isa = PBXFileReference; lastKnownFileType = sourcecode.swift; path = BKImpactPageVC.swift; sourceTree = "<group>"; };
		1B05023627316976001A1189 /* BKImpactSlideView.swift */ = {isa = PBXFileReference; lastKnownFileType = sourcecode.swift; path = BKImpactSlideView.swift; sourceTree = "<group>"; };
		1B05023727316976001A1189 /* ImpactAPI.swift */ = {isa = PBXFileReference; lastKnownFileType = sourcecode.swift; path = ImpactAPI.swift; sourceTree = "<group>"; };
		1B05023827316976001A1189 /* BkImpactView.swift */ = {isa = PBXFileReference; lastKnownFileType = sourcecode.swift; path = BkImpactView.swift; sourceTree = "<group>"; };
		1B05023927316976001A1189 /* BK_INSImpactVC.swift */ = {isa = PBXFileReference; lastKnownFileType = sourcecode.swift; path = BK_INSImpactVC.swift; sourceTree = "<group>"; };
		1B05023A27316976001A1189 /* BKImpactCell.swift */ = {isa = PBXFileReference; lastKnownFileType = sourcecode.swift; path = BKImpactCell.swift; sourceTree = "<group>"; };
		1B05023B27316976001A1189 /* BK_INSCommunityTile.swift */ = {isa = PBXFileReference; lastKnownFileType = sourcecode.swift; path = BK_INSCommunityTile.swift; sourceTree = "<group>"; };
		1B05023C27316976001A1189 /* BKCommunityImpactVC.swift */ = {isa = PBXFileReference; lastKnownFileType = sourcecode.swift; path = BKCommunityImpactVC.swift; sourceTree = "<group>"; };
		1B05023D27316976001A1189 /* BKImpactVC.swift */ = {isa = PBXFileReference; lastKnownFileType = sourcecode.swift; path = BKImpactVC.swift; sourceTree = "<group>"; };
		1B05023E27316976001A1189 /* BK_INSPersonalImpactView.swift */ = {isa = PBXFileReference; lastKnownFileType = sourcecode.swift; path = BK_INSPersonalImpactView.swift; sourceTree = "<group>"; };
		1B05023F27316976001A1189 /* BKImpact.swift */ = {isa = PBXFileReference; lastKnownFileType = sourcecode.swift; path = BKImpact.swift; sourceTree = "<group>"; };
		1B0502562731699B001A1189 /* Log.swift */ = {isa = PBXFileReference; lastKnownFileType = sourcecode.swift; path = Log.swift; sourceTree = "<group>"; };
		1B05026D273169D1001A1189 /* ImageNetworking.swift */ = {isa = PBXFileReference; lastKnownFileType = sourcecode.swift; path = ImageNetworking.swift; sourceTree = "<group>"; };
		1B05026E273169D1001A1189 /* Network.swift */ = {isa = PBXFileReference; lastKnownFileType = sourcecode.swift; path = Network.swift; sourceTree = "<group>"; };
		1B05026F273169D1001A1189 /* URLConvertible.swift */ = {isa = PBXFileReference; lastKnownFileType = sourcecode.swift; path = URLConvertible.swift; sourceTree = "<group>"; };
		1B050274273169EB001A1189 /* Poppins-SemiBold.ttf */ = {isa = PBXFileReference; lastKnownFileType = file; path = "Poppins-SemiBold.ttf"; sourceTree = "<group>"; };
		1B050275273169EB001A1189 /* Font+Beam.swift */ = {isa = PBXFileReference; lastKnownFileType = sourcecode.swift; path = "Font+Beam.swift"; sourceTree = "<group>"; };
		1B050276273169EB001A1189 /* UIView+Beam.swift */ = {isa = PBXFileReference; lastKnownFileType = sourcecode.swift; path = "UIView+Beam.swift"; sourceTree = "<group>"; };
		1B050277273169EB001A1189 /* Constraints+Beam.swift */ = {isa = PBXFileReference; lastKnownFileType = sourcecode.swift; path = "Constraints+Beam.swift"; sourceTree = "<group>"; };
		1B050278273169EB001A1189 /* Poppins-Regular.ttf */ = {isa = PBXFileReference; lastKnownFileType = file; path = "Poppins-Regular.ttf"; sourceTree = "<group>"; };
		1B050279273169EB001A1189 /* Color+Beam.swift */ = {isa = PBXFileReference; lastKnownFileType = sourcecode.swift; path = "Color+Beam.swift"; sourceTree = "<group>"; };
		1B05027A273169EB001A1189 /* Poppins-Bold.ttf */ = {isa = PBXFileReference; lastKnownFileType = file; path = "Poppins-Bold.ttf"; sourceTree = "<group>"; };
		1B05028627316A93001A1189 /* BeamMedia.xcassets */ = {isa = PBXFileReference; lastKnownFileType = folder.assetcatalog; path = BeamMedia.xcassets; sourceTree = "<group>"; };
		1B174E5D27315BF300C8F8B3 /* BeamEnterpriseKit.framework */ = {isa = PBXFileReference; explicitFileType = wrapper.framework; includeInIndex = 0; path = BeamEnterpriseKit.framework; sourceTree = BUILT_PRODUCTS_DIR; };
		1B174E6027315BF300C8F8B3 /* BeamEnterpriseKit.h */ = {isa = PBXFileReference; lastKnownFileType = sourcecode.c.h; path = BeamEnterpriseKit.h; sourceTree = "<group>"; };
		1B174E6127315BF300C8F8B3 /* Info.plist */ = {isa = PBXFileReference; lastKnownFileType = text.plist.xml; path = Info.plist; sourceTree = "<group>"; };
		1BB2E793273167820043E50C /* BKChooseNonprofitFlow.swift */ = {isa = PBXFileReference; fileEncoding = 4; lastKnownFileType = sourcecode.swift; path = BKChooseNonprofitFlow.swift; sourceTree = "<group>"; };
/* End PBXFileReference section */

/* Begin PBXFrameworksBuildPhase section */
		1B174E5A27315BF300C8F8B3 /* Frameworks */ = {
			isa = PBXFrameworksBuildPhase;
			buildActionMask = 2147483647;
			files = (
			);
			runOnlyForDeploymentPostprocessing = 0;
		};
/* End PBXFrameworksBuildPhase section */

/* Begin PBXGroup section */
		1B050214273168FD001A1189 /* Choose Flow */ = {
			isa = PBXGroup;
			children = (
				1B050206273168C6001A1189 /* BK_INSChooseNonprofitVC.swift */,
				1B0501FE273168C5001A1189 /* BK_INSNonprofitButton.swift */,
				1B050204273168C5001A1189 /* BK_INSTutorialDialogVC.swift */,
				1B0501FC273168C5001A1189 /* BK_INSTutorialVC.swift */,
				1B050205273168C6001A1189 /* BKChooseNonprofitVC.swift */,
				1B0501FD273168C5001A1189 /* BKMatchTransactionView.swift */,
				1B0501FB273168C5001A1189 /* BKTransactionContext.swift */,
				1B0501FF273168C5001A1189 /* BKTransactionView.swift */,
				1B050200273168C5001A1189 /* NonprofitAPI.swift */,
				1B050201273168C5001A1189 /* NonprofitView.swift */,
				1B050203273168C5001A1189 /* Transaction.swift */,
				1B050202273168C5001A1189 /* TransactionAPI.swift */,
				1BB2E793273167820043E50C /* BKChooseNonprofitFlow.swift */,
			);
			path = "Choose Flow";
			sourceTree = "<group>";
		};
		1B05021F27316929001A1189 /* Admin */ = {
			isa = PBXGroup;
			children = (
				1B05026D273169D1001A1189 /* ImageNetworking.swift */,
				1B05026E273169D1001A1189 /* Network.swift */,
				1B05026F273169D1001A1189 /* URLConvertible.swift */,
				1B0502162731691D001A1189 /* BeamError.swift */,
				1B0502192731691D001A1189 /* BeamKitContext.swift */,
				1B0502182731691D001A1189 /* BeamKitUserAPI.swift */,
				1B0502172731691D001A1189 /* BKManager.swift */,
			);
			path = Admin;
			sourceTree = "<group>";
		};
		1B05022E2731695B001A1189 /* UI */ = {
			isa = PBXGroup;
			children = (
				1B050279273169EB001A1189 /* Color+Beam.swift */,
				1B050277273169EB001A1189 /* Constraints+Beam.swift */,
				1B050275273169EB001A1189 /* Font+Beam.swift */,
				1B05027A273169EB001A1189 /* Poppins-Bold.ttf */,
				1B050278273169EB001A1189 /* Poppins-Regular.ttf */,
				1B050274273169EB001A1189 /* Poppins-SemiBold.ttf */,
				1B050276273169EB001A1189 /* UIView+Beam.swift */,
				1B05022627316949001A1189 /* BackArrowButton.swift */,
				1B05022327316949001A1189 /* BK_INSToolTip.swift */,
				1B05022527316949001A1189 /* BKGradientButton.swift */,
				1B05022127316949001A1189 /* GradientLayer.swift */,
				1B05022227316949001A1189 /* GradientTextView.swift */,
				1B05022427316949001A1189 /* ProgressBar.swift */,
			);
			path = UI;
			sourceTree = "<group>";
		};
		1B05025427316985001A1189 /* Impact */ = {
			isa = PBXGroup;
			children = (
				1B05023B27316976001A1189 /* BK_INSCommunityTile.swift */,
				1B05023027316975001A1189 /* BK_INSCumulativeImpactView.swift */,
				1B05023927316976001A1189 /* BK_INSImpactVC.swift */,
				1B05023E27316976001A1189 /* BK_INSPersonalImpactView.swift */,
				1B05022F27316975001A1189 /* BKCommunityImpactCell.swift */,
				1B05023C27316976001A1189 /* BKCommunityImpactVC.swift */,
				1B05023227316975001A1189 /* BKFullImpactVC.swift */,
				1B05023F27316976001A1189 /* BKImpact.swift */,
				1B05023A27316976001A1189 /* BKImpactCell.swift */,
				1B05023127316975001A1189 /* BKImpactContext.swift */,
				1B05023427316976001A1189 /* BKImpactFlow.swift */,
				1B05023527316976001A1189 /* BKImpactPageVC.swift */,
				1B05023627316976001A1189 /* BKImpactSlideView.swift */,
				1B05023D27316976001A1189 /* BKImpactVC.swift */,
				1B05023827316976001A1189 /* BkImpactView.swift */,
				1B05023727316976001A1189 /* ImpactAPI.swift */,
				1B05023327316976001A1189 /* TitleImageView.swift */,
			);
			path = Impact;
			sourceTree = "<group>";
		};
		1B174E5327315BF300C8F8B3 = {
			isa = PBXGroup;
			children = (
				1B05028627316A93001A1189 /* BeamMedia.xcassets */,
				1B174E5F27315BF300C8F8B3 /* BeamEnterpriseKit */,
				1B174E5E27315BF300C8F8B3 /* Products */,
			);
			sourceTree = "<group>";
		};
		1B174E5E27315BF300C8F8B3 /* Products */ = {
			isa = PBXGroup;
			children = (
				1B174E5D27315BF300C8F8B3 /* BeamEnterpriseKit.framework */,
			);
			name = Products;
			sourceTree = "<group>";
		};
		1B174E5F27315BF300C8F8B3 /* BeamEnterpriseKit */ = {
			isa = PBXGroup;
			children = (
				1B0502562731699B001A1189 /* Log.swift */,
				1B05025427316985001A1189 /* Impact */,
				1B05022E2731695B001A1189 /* UI */,
				1B05021F27316929001A1189 /* Admin */,
				1B050214273168FD001A1189 /* Choose Flow */,
				1B174E6027315BF300C8F8B3 /* BeamEnterpriseKit.h */,
				1B174E6127315BF300C8F8B3 /* Info.plist */,
			);
			path = BeamEnterpriseKit;
			sourceTree = "<group>";
		};
/* End PBXGroup section */

/* Begin PBXHeadersBuildPhase section */
		1B174E5827315BF300C8F8B3 /* Headers */ = {
			isa = PBXHeadersBuildPhase;
			buildActionMask = 2147483647;
			files = (
				1B174E6227315BF300C8F8B3 /* BeamEnterpriseKit.h in Headers */,
			);
			runOnlyForDeploymentPostprocessing = 0;
		};
/* End PBXHeadersBuildPhase section */

/* Begin PBXNativeTarget section */
		1B174E5C27315BF300C8F8B3 /* BeamEnterpriseKit */ = {
			isa = PBXNativeTarget;
			buildConfigurationList = 1B174E6527315BF300C8F8B3 /* Build configuration list for PBXNativeTarget "BeamEnterpriseKit" */;
			buildPhases = (
				1B174E5827315BF300C8F8B3 /* Headers */,
				1B174E5927315BF300C8F8B3 /* Sources */,
				1B174E5A27315BF300C8F8B3 /* Frameworks */,
				1B174E5B27315BF300C8F8B3 /* Resources */,
			);
			buildRules = (
			);
			dependencies = (
			);
			name = BeamEnterpriseKit;
			productName = BeamEnterpriseKit;
			productReference = 1B174E5D27315BF300C8F8B3 /* BeamEnterpriseKit.framework */;
			productType = "com.apple.product-type.framework";
		};
/* End PBXNativeTarget section */

/* Begin PBXProject section */
		1B174E5427315BF300C8F8B3 /* Project object */ = {
			isa = PBXProject;
			attributes = {
				LastUpgradeCheck = 1200;
				TargetAttributes = {
					1B174E5C27315BF300C8F8B3 = {
						CreatedOnToolsVersion = 12.0.1;
						LastSwiftMigration = 1200;
					};
				};
			};
			buildConfigurationList = 1B174E5727315BF300C8F8B3 /* Build configuration list for PBXProject "BeamEnterpriseKit" */;
			compatibilityVersion = "Xcode 9.3";
			developmentRegion = en;
			hasScannedForEncodings = 0;
			knownRegions = (
				en,
				Base,
			);
			mainGroup = 1B174E5327315BF300C8F8B3;
			productRefGroup = 1B174E5E27315BF300C8F8B3 /* Products */;
			projectDirPath = "";
			projectRoot = "";
			targets = (
				1B174E5C27315BF300C8F8B3 /* BeamEnterpriseKit */,
			);
		};
/* End PBXProject section */

/* Begin PBXResourcesBuildPhase section */
		1B174E5B27315BF300C8F8B3 /* Resources */ = {
			isa = PBXResourcesBuildPhase;
			buildActionMask = 2147483647;
			files = (
				1B05028727316A93001A1189 /* BeamMedia.xcassets in Resources */,
			);
			runOnlyForDeploymentPostprocessing = 0;
		};
/* End PBXResourcesBuildPhase section */

/* Begin PBXSourcesBuildPhase section */
		1B174E5927315BF300C8F8B3 /* Sources */ = {
			isa = PBXSourcesBuildPhase;
			buildActionMask = 2147483647;
			files = (
				1B05027B273169EB001A1189 /* Poppins-SemiBold.ttf in Sources */,
				1B05027C273169EB001A1189 /* Font+Beam.swift in Sources */,
				1B05027D273169EB001A1189 /* UIView+Beam.swift in Sources */,
				1B05027E273169EB001A1189 /* Constraints+Beam.swift in Sources */,
				1B05027F273169EB001A1189 /* Poppins-Regular.ttf in Sources */,
				1B050280273169EB001A1189 /* Color+Beam.swift in Sources */,
				1B050281273169EB001A1189 /* Poppins-Bold.ttf in Sources */,
				1B050270273169D1001A1189 /* ImageNetworking.swift in Sources */,
				1B050271273169D1001A1189 /* Network.swift in Sources */,
				1B050272273169D1001A1189 /* URLConvertible.swift in Sources */,
				1B0502572731699B001A1189 /* Log.swift in Sources */,
				1B05024027316977001A1189 /* BKCommunityImpactCell.swift in Sources */,
				1B05024127316977001A1189 /* BK_INSCumulativeImpactView.swift in Sources */,
				1B05024227316977001A1189 /* BKImpactContext.swift in Sources */,
				1B05024327316977001A1189 /* BKFullImpactVC.swift in Sources */,
				1B05024427316977001A1189 /* TitleImageView.swift in Sources */,
				1B05024527316977001A1189 /* BKImpactFlow.swift in Sources */,
				1B05024627316977001A1189 /* BKImpactPageVC.swift in Sources */,
				1B05024727316977001A1189 /* BKImpactSlideView.swift in Sources */,
				1B05024827316977001A1189 /* ImpactAPI.swift in Sources */,
				1B05024927316977001A1189 /* BkImpactView.swift in Sources */,
				1B05024A27316977001A1189 /* BK_INSImpactVC.swift in Sources */,
				1B05024B27316977001A1189 /* BKImpactCell.swift in Sources */,
				1B05024C27316977001A1189 /* BK_INSCommunityTile.swift in Sources */,
				1B05024D27316977001A1189 /* BKCommunityImpactVC.swift in Sources */,
				1B05024E27316977001A1189 /* BKImpactVC.swift in Sources */,
				1B05024F27316977001A1189 /* BK_INSPersonalImpactView.swift in Sources */,
				1B05025027316977001A1189 /* BKImpact.swift in Sources */,
				1B05022727316949001A1189 /* GradientLayer.swift in Sources */,
				1B05022827316949001A1189 /* GradientTextView.swift in Sources */,
				1B05022927316949001A1189 /* BK_INSToolTip.swift in Sources */,
				1B05022A27316949001A1189 /* ProgressBar.swift in Sources */,
				1B05022B27316949001A1189 /* BKGradientButton.swift in Sources */,
				1B05022C27316949001A1189 /* BackArrowButton.swift in Sources */,
				1B05021A2731691D001A1189 /* BeamError.swift in Sources */,
				1B05021B2731691D001A1189 /* BKManager.swift in Sources */,
				1B05021C2731691D001A1189 /* BeamKitUserAPI.swift in Sources */,
				1B05021D2731691D001A1189 /* BeamKitContext.swift in Sources */,
				1B050207273168C6001A1189 /* BKTransactionContext.swift in Sources */,
				1B050208273168C6001A1189 /* BK_INSTutorialVC.swift in Sources */,
				1B050209273168C6001A1189 /* BKMatchTransactionView.swift in Sources */,
				1B05020A273168C6001A1189 /* BK_INSNonprofitButton.swift in Sources */,
				1B05020B273168C6001A1189 /* BKTransactionView.swift in Sources */,
				1B05020C273168C6001A1189 /* NonprofitAPI.swift in Sources */,
				1B05020D273168C6001A1189 /* NonprofitView.swift in Sources */,
				1B05020E273168C6001A1189 /* TransactionAPI.swift in Sources */,
				1B05020F273168C6001A1189 /* Transaction.swift in Sources */,
				1B050210273168C6001A1189 /* BK_INSTutorialDialogVC.swift in Sources */,
				1B050211273168C6001A1189 /* BKChooseNonprofitVC.swift in Sources */,
				1B050212273168C6001A1189 /* BK_INSChooseNonprofitVC.swift in Sources */,
				1BB2E79C273167820043E50C /* BKChooseNonprofitFlow.swift in Sources */,
				1B6F078727316683002A8DBB /* BeamEnterpriseKit.h in Sources */,
			);
			runOnlyForDeploymentPostprocessing = 0;
		};
/* End PBXSourcesBuildPhase section */

/* Begin XCBuildConfiguration section */
		1B174E6327315BF300C8F8B3 /* Debug */ = {
			isa = XCBuildConfiguration;
			buildSettings = {
				ALWAYS_SEARCH_USER_PATHS = NO;
				CLANG_ANALYZER_NONNULL = YES;
				CLANG_ANALYZER_NUMBER_OBJECT_CONVERSION = YES_AGGRESSIVE;
				CLANG_CXX_LANGUAGE_STANDARD = "gnu++14";
				CLANG_CXX_LIBRARY = "libc++";
				CLANG_ENABLE_MODULES = YES;
				CLANG_ENABLE_OBJC_ARC = YES;
				CLANG_ENABLE_OBJC_WEAK = YES;
				CLANG_WARN_BLOCK_CAPTURE_AUTORELEASING = YES;
				CLANG_WARN_BOOL_CONVERSION = YES;
				CLANG_WARN_COMMA = YES;
				CLANG_WARN_CONSTANT_CONVERSION = YES;
				CLANG_WARN_DEPRECATED_OBJC_IMPLEMENTATIONS = YES;
				CLANG_WARN_DIRECT_OBJC_ISA_USAGE = YES_ERROR;
				CLANG_WARN_DOCUMENTATION_COMMENTS = YES;
				CLANG_WARN_EMPTY_BODY = YES;
				CLANG_WARN_ENUM_CONVERSION = YES;
				CLANG_WARN_INFINITE_RECURSION = YES;
				CLANG_WARN_INT_CONVERSION = YES;
				CLANG_WARN_NON_LITERAL_NULL_CONVERSION = YES;
				CLANG_WARN_OBJC_IMPLICIT_RETAIN_SELF = YES;
				CLANG_WARN_OBJC_LITERAL_CONVERSION = YES;
				CLANG_WARN_OBJC_ROOT_CLASS = YES_ERROR;
				CLANG_WARN_QUOTED_INCLUDE_IN_FRAMEWORK_HEADER = YES;
				CLANG_WARN_RANGE_LOOP_ANALYSIS = YES;
				CLANG_WARN_STRICT_PROTOTYPES = YES;
				CLANG_WARN_SUSPICIOUS_MOVE = YES;
				CLANG_WARN_UNGUARDED_AVAILABILITY = YES_AGGRESSIVE;
				CLANG_WARN_UNREACHABLE_CODE = YES;
				CLANG_WARN__DUPLICATE_METHOD_MATCH = YES;
				COPY_PHASE_STRIP = NO;
				CURRENT_PROJECT_VERSION = 1;
				DEBUG_INFORMATION_FORMAT = dwarf;
				ENABLE_STRICT_OBJC_MSGSEND = YES;
				ENABLE_TESTABILITY = YES;
				GCC_C_LANGUAGE_STANDARD = gnu11;
				GCC_DYNAMIC_NO_PIC = NO;
				GCC_NO_COMMON_BLOCKS = YES;
				GCC_OPTIMIZATION_LEVEL = 0;
				GCC_PREPROCESSOR_DEFINITIONS = (
					"DEBUG=1",
					"$(inherited)",
				);
				GCC_WARN_64_TO_32_BIT_CONVERSION = YES;
				GCC_WARN_ABOUT_RETURN_TYPE = YES_ERROR;
				GCC_WARN_UNDECLARED_SELECTOR = YES;
				GCC_WARN_UNINITIALIZED_AUTOS = YES_AGGRESSIVE;
				GCC_WARN_UNUSED_FUNCTION = YES;
				GCC_WARN_UNUSED_VARIABLE = YES;
				IPHONEOS_DEPLOYMENT_TARGET = 14.0;
				MTL_ENABLE_DEBUG_INFO = INCLUDE_SOURCE;
				MTL_FAST_MATH = YES;
				ONLY_ACTIVE_ARCH = YES;
				SDKROOT = iphoneos;
				SWIFT_ACTIVE_COMPILATION_CONDITIONS = DEBUG;
				SWIFT_OPTIMIZATION_LEVEL = "-Onone";
				VERSIONING_SYSTEM = "apple-generic";
				VERSION_INFO_PREFIX = "";
			};
			name = Debug;
		};
		1B174E6427315BF300C8F8B3 /* Release */ = {
			isa = XCBuildConfiguration;
			buildSettings = {
				ALWAYS_SEARCH_USER_PATHS = NO;
				CLANG_ANALYZER_NONNULL = YES;
				CLANG_ANALYZER_NUMBER_OBJECT_CONVERSION = YES_AGGRESSIVE;
				CLANG_CXX_LANGUAGE_STANDARD = "gnu++14";
				CLANG_CXX_LIBRARY = "libc++";
				CLANG_ENABLE_MODULES = YES;
				CLANG_ENABLE_OBJC_ARC = YES;
				CLANG_ENABLE_OBJC_WEAK = YES;
				CLANG_WARN_BLOCK_CAPTURE_AUTORELEASING = YES;
				CLANG_WARN_BOOL_CONVERSION = YES;
				CLANG_WARN_COMMA = YES;
				CLANG_WARN_CONSTANT_CONVERSION = YES;
				CLANG_WARN_DEPRECATED_OBJC_IMPLEMENTATIONS = YES;
				CLANG_WARN_DIRECT_OBJC_ISA_USAGE = YES_ERROR;
				CLANG_WARN_DOCUMENTATION_COMMENTS = YES;
				CLANG_WARN_EMPTY_BODY = YES;
				CLANG_WARN_ENUM_CONVERSION = YES;
				CLANG_WARN_INFINITE_RECURSION = YES;
				CLANG_WARN_INT_CONVERSION = YES;
				CLANG_WARN_NON_LITERAL_NULL_CONVERSION = YES;
				CLANG_WARN_OBJC_IMPLICIT_RETAIN_SELF = YES;
				CLANG_WARN_OBJC_LITERAL_CONVERSION = YES;
				CLANG_WARN_OBJC_ROOT_CLASS = YES_ERROR;
				CLANG_WARN_QUOTED_INCLUDE_IN_FRAMEWORK_HEADER = YES;
				CLANG_WARN_RANGE_LOOP_ANALYSIS = YES;
				CLANG_WARN_STRICT_PROTOTYPES = YES;
				CLANG_WARN_SUSPICIOUS_MOVE = YES;
				CLANG_WARN_UNGUARDED_AVAILABILITY = YES_AGGRESSIVE;
				CLANG_WARN_UNREACHABLE_CODE = YES;
				CLANG_WARN__DUPLICATE_METHOD_MATCH = YES;
				COPY_PHASE_STRIP = NO;
				CURRENT_PROJECT_VERSION = 1;
				DEBUG_INFORMATION_FORMAT = "dwarf-with-dsym";
				ENABLE_NS_ASSERTIONS = NO;
				ENABLE_STRICT_OBJC_MSGSEND = YES;
				GCC_C_LANGUAGE_STANDARD = gnu11;
				GCC_NO_COMMON_BLOCKS = YES;
				GCC_WARN_64_TO_32_BIT_CONVERSION = YES;
				GCC_WARN_ABOUT_RETURN_TYPE = YES_ERROR;
				GCC_WARN_UNDECLARED_SELECTOR = YES;
				GCC_WARN_UNINITIALIZED_AUTOS = YES_AGGRESSIVE;
				GCC_WARN_UNUSED_FUNCTION = YES;
				GCC_WARN_UNUSED_VARIABLE = YES;
				IPHONEOS_DEPLOYMENT_TARGET = 14.0;
				MTL_ENABLE_DEBUG_INFO = NO;
				MTL_FAST_MATH = YES;
				SDKROOT = iphoneos;
				SWIFT_COMPILATION_MODE = wholemodule;
				SWIFT_OPTIMIZATION_LEVEL = "-O";
				VALIDATE_PRODUCT = YES;
				VERSIONING_SYSTEM = "apple-generic";
				VERSION_INFO_PREFIX = "";
			};
			name = Release;
		};
		1B174E6627315BF300C8F8B3 /* Debug */ = {
			isa = XCBuildConfiguration;
			buildSettings = {
				CLANG_ENABLE_MODULES = YES;
				CODE_SIGN_STYLE = Automatic;
				DEFINES_MODULE = YES;
				DEVELOPMENT_TEAM = EXU7YC35JG;
				DYLIB_COMPATIBILITY_VERSION = 1;
				DYLIB_CURRENT_VERSION = 1;
				DYLIB_INSTALL_NAME_BASE = "@rpath";
				INFOPLIST_FILE = BeamEnterpriseKit/Info.plist;
				INSTALL_PATH = "$(LOCAL_LIBRARY_DIR)/Frameworks";
				IPHONEOS_DEPLOYMENT_TARGET = 12.0;
				LD_RUNPATH_SEARCH_PATHS = (
					"$(inherited)",
					"@executable_path/Frameworks",
					"@loader_path/Frameworks",
				);
				PRODUCT_BUNDLE_IDENTIFIER = us.crro.beamapp.BeamApp.BeamEnterpriseKit;
				PRODUCT_NAME = "$(TARGET_NAME:c99extidentifier)";
				SKIP_INSTALL = YES;
				SUPPORTS_MACCATALYST = NO;
				SWIFT_OPTIMIZATION_LEVEL = "-Onone";
				SWIFT_VERSION = 5.0;
				TARGETED_DEVICE_FAMILY = 1;
			};
			name = Debug;
		};
		1B174E6727315BF300C8F8B3 /* Release */ = {
			isa = XCBuildConfiguration;
			buildSettings = {
				CLANG_ENABLE_MODULES = YES;
				CODE_SIGN_STYLE = Automatic;
				DEFINES_MODULE = YES;
				DEVELOPMENT_TEAM = EXU7YC35JG;
				DYLIB_COMPATIBILITY_VERSION = 1;
				DYLIB_CURRENT_VERSION = 1;
				DYLIB_INSTALL_NAME_BASE = "@rpath";
				INFOPLIST_FILE = BeamEnterpriseKit/Info.plist;
				INSTALL_PATH = "$(LOCAL_LIBRARY_DIR)/Frameworks";
				IPHONEOS_DEPLOYMENT_TARGET = 12.0;
				LD_RUNPATH_SEARCH_PATHS = (
					"$(inherited)",
					"@executable_path/Frameworks",
					"@loader_path/Frameworks",
				);
				PRODUCT_BUNDLE_IDENTIFIER = us.crro.beamapp.BeamApp.BeamEnterpriseKit;
				PRODUCT_NAME = "$(TARGET_NAME:c99extidentifier)";
				SKIP_INSTALL = YES;
				SUPPORTS_MACCATALYST = NO;
				SWIFT_VERSION = 5.0;
				TARGETED_DEVICE_FAMILY = 1;
			};
			name = Release;
		};
/* End XCBuildConfiguration section */

/* Begin XCConfigurationList section */
		1B174E5727315BF300C8F8B3 /* Build configuration list for PBXProject "BeamEnterpriseKit" */ = {
			isa = XCConfigurationList;
			buildConfigurations = (
				1B174E6327315BF300C8F8B3 /* Debug */,
				1B174E6427315BF300C8F8B3 /* Release */,
			);
			defaultConfigurationIsVisible = 0;
			defaultConfigurationName = Release;
		};
		1B174E6527315BF300C8F8B3 /* Build configuration list for PBXNativeTarget "BeamEnterpriseKit" */ = {
			isa = XCConfigurationList;
			buildConfigurations = (
				1B174E6627315BF300C8F8B3 /* Debug */,
				1B174E6727315BF300C8F8B3 /* Release */,
			);
			defaultConfigurationIsVisible = 0;
			defaultConfigurationName = Release;
		};
/* End XCConfigurationList section */
	};
	rootObject = 1B174E5427315BF300C8F8B3 /* Project object */;
}
