// !$*UTF8*$!
{
	archiveVersion = 1;
	classes = {
	};
	objectVersion = 50;
	objects = {

/* Begin PBXBuildFile section */
		1B05028727316A93001A1189 /* BeamMedia.xcassets in Resources */ = {isa = PBXBuildFile; fileRef = 1B05028627316A93001A1189 /* BeamMedia.xcassets */; };
		1B174E6227315BF300C8F8B3 /* BeamEnterpriseKit.h in Headers */ = {isa = PBXBuildFile; fileRef = 1B174E6027315BF300C8F8B3 /* BeamEnterpriseKit.h */; settings = {ATTRIBUTES = (Public, ); }; };
		1B7BC4182732563500BB7CC3 /* Poppins-Bold.ttf in Resources */ = {isa = PBXBuildFile; fileRef = 1B9825BB27322D8E0043C941 /* Poppins-Bold.ttf */; };
		1B7BC4192732563500BB7CC3 /* Poppins-Regular.ttf in Resources */ = {isa = PBXBuildFile; fileRef = 1B9825BA27322D8E0043C941 /* Poppins-Regular.ttf */; };
		1B7BC41A2732563500BB7CC3 /* Poppins-SemiBold.ttf in Resources */ = {isa = PBXBuildFile; fileRef = 1B9825BE27322D8E0043C941 /* Poppins-SemiBold.ttf */; };
		1B98254F27322B530043C941 /* BKChooseNonprofitFlow.swift in Sources */ = {isa = PBXBuildFile; fileRef = 1B98254D27322B530043C941 /* BKChooseNonprofitFlow.swift */; };
		1B98255027322B530043C941 /* Log.swift in Sources */ = {isa = PBXBuildFile; fileRef = 1B98254E27322B530043C941 /* Log.swift */; };
		1B98255E27322C9A0043C941 /* BK_INSNonprofitButton.swift in Sources */ = {isa = PBXBuildFile; fileRef = 1B98255227322C980043C941 /* BK_INSNonprofitButton.swift */; };
		1B98255F27322C9A0043C941 /* NonprofitView.swift in Sources */ = {isa = PBXBuildFile; fileRef = 1B98255327322C980043C941 /* NonprofitView.swift */; };
		1B98256027322C9A0043C941 /* BKChooseNonprofitVC.swift in Sources */ = {isa = PBXBuildFile; fileRef = 1B98255427322C980043C941 /* BKChooseNonprofitVC.swift */; };
		1B98256127322C9A0043C941 /* Transaction.swift in Sources */ = {isa = PBXBuildFile; fileRef = 1B98255527322C980043C941 /* Transaction.swift */; };
		1B98256227322C9A0043C941 /* BK_INSTutorialVC.swift in Sources */ = {isa = PBXBuildFile; fileRef = 1B98255627322C990043C941 /* BK_INSTutorialVC.swift */; };
		1B98256327322C9A0043C941 /* BK_INSChooseNonprofitVC.swift in Sources */ = {isa = PBXBuildFile; fileRef = 1B98255727322C990043C941 /* BK_INSChooseNonprofitVC.swift */; };
		1B98256427322C9A0043C941 /* BKTransactionView.swift in Sources */ = {isa = PBXBuildFile; fileRef = 1B98255827322C990043C941 /* BKTransactionView.swift */; };
		1B98256527322C9A0043C941 /* TransactionAPI.swift in Sources */ = {isa = PBXBuildFile; fileRef = 1B98255927322C990043C941 /* TransactionAPI.swift */; };
		1B98256627322C9A0043C941 /* BK_INSTutorialDialogVC.swift in Sources */ = {isa = PBXBuildFile; fileRef = 1B98255A27322C990043C941 /* BK_INSTutorialDialogVC.swift */; };
		1B98256727322C9A0043C941 /* BKTransactionContext.swift in Sources */ = {isa = PBXBuildFile; fileRef = 1B98255B27322C990043C941 /* BKTransactionContext.swift */; };
		1B98256827322C9A0043C941 /* BKMatchTransactionView.swift in Sources */ = {isa = PBXBuildFile; fileRef = 1B98255C27322C990043C941 /* BKMatchTransactionView.swift */; };
		1B98256927322C9A0043C941 /* NonprofitAPI.swift in Sources */ = {isa = PBXBuildFile; fileRef = 1B98255D27322C9A0043C941 /* NonprofitAPI.swift */; };
		1B98257527322CF00043C941 /* BeamKitUserAPI.swift in Sources */ = {isa = PBXBuildFile; fileRef = 1B98257127322CF00043C941 /* BeamKitUserAPI.swift */; };
		1B98257627322CF00043C941 /* BeamError.swift in Sources */ = {isa = PBXBuildFile; fileRef = 1B98257227322CF00043C941 /* BeamError.swift */; };
		1B98257727322CF00043C941 /* BeamKitContext.swift in Sources */ = {isa = PBXBuildFile; fileRef = 1B98257327322CF00043C941 /* BeamKitContext.swift */; };
		1B98257827322CF00043C941 /* BKManager.swift in Sources */ = {isa = PBXBuildFile; fileRef = 1B98257427322CF00043C941 /* BKManager.swift */; };
		1B98258327322D140043C941 /* GradientLayer.swift in Sources */ = {isa = PBXBuildFile; fileRef = 1B98257D27322D130043C941 /* GradientLayer.swift */; };
		1B98258427322D140043C941 /* BackArrowButton.swift in Sources */ = {isa = PBXBuildFile; fileRef = 1B98257E27322D130043C941 /* BackArrowButton.swift */; };
		1B98258527322D140043C941 /* BK_INSToolTip.swift in Sources */ = {isa = PBXBuildFile; fileRef = 1B98257F27322D130043C941 /* BK_INSToolTip.swift */; };
		1B98258627322D140043C941 /* GradientTextView.swift in Sources */ = {isa = PBXBuildFile; fileRef = 1B98258027322D130043C941 /* GradientTextView.swift */; };
		1B98258727322D140043C941 /* ProgressBar.swift in Sources */ = {isa = PBXBuildFile; fileRef = 1B98258127322D130043C941 /* ProgressBar.swift */; };
		1B98258827322D140043C941 /* BKGradientButton.swift in Sources */ = {isa = PBXBuildFile; fileRef = 1B98258227322D130043C941 /* BKGradientButton.swift */; };
		1B98259C27322D3A0043C941 /* BK_INSCommunityTile.swift in Sources */ = {isa = PBXBuildFile; fileRef = 1B98258B27322D390043C941 /* BK_INSCommunityTile.swift */; };
		1B98259D27322D3A0043C941 /* BKImpactCell.swift in Sources */ = {isa = PBXBuildFile; fileRef = 1B98258C27322D390043C941 /* BKImpactCell.swift */; };
		1B98259E27322D3A0043C941 /* BKImpactPageVC.swift in Sources */ = {isa = PBXBuildFile; fileRef = 1B98258D27322D390043C941 /* BKImpactPageVC.swift */; };
		1B98259F27322D3A0043C941 /* BK_INSPersonalImpactView.swift in Sources */ = {isa = PBXBuildFile; fileRef = 1B98258E27322D390043C941 /* BK_INSPersonalImpactView.swift */; };
		1B9825A027322D3A0043C941 /* BKImpactFlow.swift in Sources */ = {isa = PBXBuildFile; fileRef = 1B98258F27322D390043C941 /* BKImpactFlow.swift */; };
		1B9825A127322D3A0043C941 /* BK_INSImpactVC.swift in Sources */ = {isa = PBXBuildFile; fileRef = 1B98259027322D390043C941 /* BK_INSImpactVC.swift */; };
		1B9825A227322D3A0043C941 /* BK_INSCumulativeImpactView.swift in Sources */ = {isa = PBXBuildFile; fileRef = 1B98259127322D390043C941 /* BK_INSCumulativeImpactView.swift */; };
		1B9825A327322D3A0043C941 /* BKCommunityImpactCell.swift in Sources */ = {isa = PBXBuildFile; fileRef = 1B98259227322D3A0043C941 /* BKCommunityImpactCell.swift */; };
		1B9825A427322D3A0043C941 /* BkImpactView.swift in Sources */ = {isa = PBXBuildFile; fileRef = 1B98259327322D3A0043C941 /* BkImpactView.swift */; };
		1B9825A527322D3A0043C941 /* BKImpactContext.swift in Sources */ = {isa = PBXBuildFile; fileRef = 1B98259427322D3A0043C941 /* BKImpactContext.swift */; };
		1B9825A627322D3B0043C941 /* BKFullImpactVC.swift in Sources */ = {isa = PBXBuildFile; fileRef = 1B98259527322D3A0043C941 /* BKFullImpactVC.swift */; };
		1B9825A727322D3B0043C941 /* BKImpactSlideView.swift in Sources */ = {isa = PBXBuildFile; fileRef = 1B98259627322D3A0043C941 /* BKImpactSlideView.swift */; };
		1B9825A827322D3B0043C941 /* BKCommunityImpactVC.swift in Sources */ = {isa = PBXBuildFile; fileRef = 1B98259727322D3A0043C941 /* BKCommunityImpactVC.swift */; };
		1B9825A927322D3B0043C941 /* BKImpactVC.swift in Sources */ = {isa = PBXBuildFile; fileRef = 1B98259827322D3A0043C941 /* BKImpactVC.swift */; };
		1B9825AA27322D3B0043C941 /* ImpactAPI.swift in Sources */ = {isa = PBXBuildFile; fileRef = 1B98259927322D3A0043C941 /* ImpactAPI.swift */; };
		1B9825AB27322D3B0043C941 /* BKImpact.swift in Sources */ = {isa = PBXBuildFile; fileRef = 1B98259A27322D3A0043C941 /* BKImpact.swift */; };
		1B9825AC27322D3B0043C941 /* TitleImageView.swift in Sources */ = {isa = PBXBuildFile; fileRef = 1B98259B27322D3A0043C941 /* TitleImageView.swift */; };
		1B9825B427322D700043C941 /* Network.swift in Sources */ = {isa = PBXBuildFile; fileRef = 1B9825B127322D700043C941 /* Network.swift */; };
		1B9825B527322D700043C941 /* ImageNetworking.swift in Sources */ = {isa = PBXBuildFile; fileRef = 1B9825B227322D700043C941 /* ImageNetworking.swift */; };
		1B9825B627322D700043C941 /* URLConvertible.swift in Sources */ = {isa = PBXBuildFile; fileRef = 1B9825B327322D700043C941 /* URLConvertible.swift */; };
		1B9825BF27322D8E0043C941 /* Constraints+Beam.swift in Sources */ = {isa = PBXBuildFile; fileRef = 1B9825B827322D8E0043C941 /* Constraints+Beam.swift */; };
		1B9825C027322D8E0043C941 /* Font+Beam.swift in Sources */ = {isa = PBXBuildFile; fileRef = 1B9825B927322D8E0043C941 /* Font+Beam.swift */; };
		1B9825C327322D8E0043C941 /* Color+Beam.swift in Sources */ = {isa = PBXBuildFile; fileRef = 1B9825BC27322D8E0043C941 /* Color+Beam.swift */; };
		1B9825C427322D8E0043C941 /* UIView+Beam.swift in Sources */ = {isa = PBXBuildFile; fileRef = 1B9825BD27322D8E0043C941 /* UIView+Beam.swift */; };
/* End PBXBuildFile section */

/* Begin PBXFileReference section */
		1B05028627316A93001A1189 /* BeamMedia.xcassets */ = {isa = PBXFileReference; lastKnownFileType = folder.assetcatalog; path = BeamMedia.xcassets; sourceTree = "<group>"; };
		1B174E5D27315BF300C8F8B3 /* BeamEnterpriseKit.framework */ = {isa = PBXFileReference; explicitFileType = wrapper.framework; includeInIndex = 0; path = BeamEnterpriseKit.framework; sourceTree = BUILT_PRODUCTS_DIR; };
		1B174E6027315BF300C8F8B3 /* BeamEnterpriseKit.h */ = {isa = PBXFileReference; lastKnownFileType = sourcecode.c.h; path = BeamEnterpriseKit.h; sourceTree = "<group>"; };
		1B174E6127315BF300C8F8B3 /* Info.plist */ = {isa = PBXFileReference; lastKnownFileType = text.plist.xml; path = Info.plist; sourceTree = "<group>"; };
		1B98254D27322B530043C941 /* BKChooseNonprofitFlow.swift */ = {isa = PBXFileReference; lastKnownFileType = sourcecode.swift; path = BKChooseNonprofitFlow.swift; sourceTree = "<group>"; };
		1B98254E27322B530043C941 /* Log.swift */ = {isa = PBXFileReference; lastKnownFileType = sourcecode.swift; path = Log.swift; sourceTree = "<group>"; };
		1B98255227322C980043C941 /* BK_INSNonprofitButton.swift */ = {isa = PBXFileReference; lastKnownFileType = sourcecode.swift; path = BK_INSNonprofitButton.swift; sourceTree = "<group>"; };
		1B98255327322C980043C941 /* NonprofitView.swift */ = {isa = PBXFileReference; lastKnownFileType = sourcecode.swift; path = NonprofitView.swift; sourceTree = "<group>"; };
		1B98255427322C980043C941 /* BKChooseNonprofitVC.swift */ = {isa = PBXFileReference; lastKnownFileType = sourcecode.swift; path = BKChooseNonprofitVC.swift; sourceTree = "<group>"; };
		1B98255527322C980043C941 /* Transaction.swift */ = {isa = PBXFileReference; lastKnownFileType = sourcecode.swift; path = Transaction.swift; sourceTree = "<group>"; };
		1B98255627322C990043C941 /* BK_INSTutorialVC.swift */ = {isa = PBXFileReference; lastKnownFileType = sourcecode.swift; path = BK_INSTutorialVC.swift; sourceTree = "<group>"; };
		1B98255727322C990043C941 /* BK_INSChooseNonprofitVC.swift */ = {isa = PBXFileReference; lastKnownFileType = sourcecode.swift; path = BK_INSChooseNonprofitVC.swift; sourceTree = "<group>"; };
		1B98255827322C990043C941 /* BKTransactionView.swift */ = {isa = PBXFileReference; lastKnownFileType = sourcecode.swift; path = BKTransactionView.swift; sourceTree = "<group>"; };
		1B98255927322C990043C941 /* TransactionAPI.swift */ = {isa = PBXFileReference; lastKnownFileType = sourcecode.swift; path = TransactionAPI.swift; sourceTree = "<group>"; };
		1B98255A27322C990043C941 /* BK_INSTutorialDialogVC.swift */ = {isa = PBXFileReference; lastKnownFileType = sourcecode.swift; path = BK_INSTutorialDialogVC.swift; sourceTree = "<group>"; };
		1B98255B27322C990043C941 /* BKTransactionContext.swift */ = {isa = PBXFileReference; lastKnownFileType = sourcecode.swift; path = BKTransactionContext.swift; sourceTree = "<group>"; };
		1B98255C27322C990043C941 /* BKMatchTransactionView.swift */ = {isa = PBXFileReference; lastKnownFileType = sourcecode.swift; path = BKMatchTransactionView.swift; sourceTree = "<group>"; };
		1B98255D27322C9A0043C941 /* NonprofitAPI.swift */ = {isa = PBXFileReference; lastKnownFileType = sourcecode.swift; path = NonprofitAPI.swift; sourceTree = "<group>"; };
		1B98257127322CF00043C941 /* BeamKitUserAPI.swift */ = {isa = PBXFileReference; lastKnownFileType = sourcecode.swift; path = BeamKitUserAPI.swift; sourceTree = "<group>"; };
		1B98257227322CF00043C941 /* BeamError.swift */ = {isa = PBXFileReference; lastKnownFileType = sourcecode.swift; path = BeamError.swift; sourceTree = "<group>"; };
		1B98257327322CF00043C941 /* BeamKitContext.swift */ = {isa = PBXFileReference; lastKnownFileType = sourcecode.swift; path = BeamKitContext.swift; sourceTree = "<group>"; };
		1B98257427322CF00043C941 /* BKManager.swift */ = {isa = PBXFileReference; lastKnownFileType = sourcecode.swift; path = BKManager.swift; sourceTree = "<group>"; };
		1B98257D27322D130043C941 /* GradientLayer.swift */ = {isa = PBXFileReference; lastKnownFileType = sourcecode.swift; path = GradientLayer.swift; sourceTree = "<group>"; };
		1B98257E27322D130043C941 /* BackArrowButton.swift */ = {isa = PBXFileReference; lastKnownFileType = sourcecode.swift; path = BackArrowButton.swift; sourceTree = "<group>"; };
		1B98257F27322D130043C941 /* BK_INSToolTip.swift */ = {isa = PBXFileReference; lastKnownFileType = sourcecode.swift; path = BK_INSToolTip.swift; sourceTree = "<group>"; };
		1B98258027322D130043C941 /* GradientTextView.swift */ = {isa = PBXFileReference; lastKnownFileType = sourcecode.swift; path = GradientTextView.swift; sourceTree = "<group>"; };
		1B98258127322D130043C941 /* ProgressBar.swift */ = {isa = PBXFileReference; lastKnownFileType = sourcecode.swift; path = ProgressBar.swift; sourceTree = "<group>"; };
		1B98258227322D130043C941 /* BKGradientButton.swift */ = {isa = PBXFileReference; lastKnownFileType = sourcecode.swift; path = BKGradientButton.swift; sourceTree = "<group>"; };
		1B98258B27322D390043C941 /* BK_INSCommunityTile.swift */ = {isa = PBXFileReference; lastKnownFileType = sourcecode.swift; path = BK_INSCommunityTile.swift; sourceTree = "<group>"; };
		1B98258C27322D390043C941 /* BKImpactCell.swift */ = {isa = PBXFileReference; lastKnownFileType = sourcecode.swift; path = BKImpactCell.swift; sourceTree = "<group>"; };
		1B98258D27322D390043C941 /* BKImpactPageVC.swift */ = {isa = PBXFileReference; lastKnownFileType = sourcecode.swift; path = BKImpactPageVC.swift; sourceTree = "<group>"; };
		1B98258E27322D390043C941 /* BK_INSPersonalImpactView.swift */ = {isa = PBXFileReference; lastKnownFileType = sourcecode.swift; path = BK_INSPersonalImpactView.swift; sourceTree = "<group>"; };
		1B98258F27322D390043C941 /* BKImpactFlow.swift */ = {isa = PBXFileReference; lastKnownFileType = sourcecode.swift; path = BKImpactFlow.swift; sourceTree = "<group>"; };
		1B98259027322D390043C941 /* BK_INSImpactVC.swift */ = {isa = PBXFileReference; lastKnownFileType = sourcecode.swift; path = BK_INSImpactVC.swift; sourceTree = "<group>"; };
		1B98259127322D390043C941 /* BK_INSCumulativeImpactView.swift */ = {isa = PBXFileReference; lastKnownFileType = sourcecode.swift; path = BK_INSCumulativeImpactView.swift; sourceTree = "<group>"; };
		1B98259227322D3A0043C941 /* BKCommunityImpactCell.swift */ = {isa = PBXFileReference; lastKnownFileType = sourcecode.swift; path = BKCommunityImpactCell.swift; sourceTree = "<group>"; };
		1B98259327322D3A0043C941 /* BkImpactView.swift */ = {isa = PBXFileReference; lastKnownFileType = sourcecode.swift; path = BkImpactView.swift; sourceTree = "<group>"; };
		1B98259427322D3A0043C941 /* BKImpactContext.swift */ = {isa = PBXFileReference; lastKnownFileType = sourcecode.swift; path = BKImpactContext.swift; sourceTree = "<group>"; };
		1B98259527322D3A0043C941 /* BKFullImpactVC.swift */ = {isa = PBXFileReference; lastKnownFileType = sourcecode.swift; path = BKFullImpactVC.swift; sourceTree = "<group>"; };
		1B98259627322D3A0043C941 /* BKImpactSlideView.swift */ = {isa = PBXFileReference; lastKnownFileType = sourcecode.swift; path = BKImpactSlideView.swift; sourceTree = "<group>"; };
		1B98259727322D3A0043C941 /* BKCommunityImpactVC.swift */ = {isa = PBXFileReference; lastKnownFileType = sourcecode.swift; path = BKCommunityImpactVC.swift; sourceTree = "<group>"; };
		1B98259827322D3A0043C941 /* BKImpactVC.swift */ = {isa = PBXFileReference; lastKnownFileType = sourcecode.swift; path = BKImpactVC.swift; sourceTree = "<group>"; };
		1B98259927322D3A0043C941 /* ImpactAPI.swift */ = {isa = PBXFileReference; lastKnownFileType = sourcecode.swift; path = ImpactAPI.swift; sourceTree = "<group>"; };
		1B98259A27322D3A0043C941 /* BKImpact.swift */ = {isa = PBXFileReference; lastKnownFileType = sourcecode.swift; path = BKImpact.swift; sourceTree = "<group>"; };
		1B98259B27322D3A0043C941 /* TitleImageView.swift */ = {isa = PBXFileReference; lastKnownFileType = sourcecode.swift; path = TitleImageView.swift; sourceTree = "<group>"; };
		1B9825B127322D700043C941 /* Network.swift */ = {isa = PBXFileReference; lastKnownFileType = sourcecode.swift; path = Network.swift; sourceTree = "<group>"; };
		1B9825B227322D700043C941 /* ImageNetworking.swift */ = {isa = PBXFileReference; lastKnownFileType = sourcecode.swift; path = ImageNetworking.swift; sourceTree = "<group>"; };
		1B9825B327322D700043C941 /* URLConvertible.swift */ = {isa = PBXFileReference; lastKnownFileType = sourcecode.swift; path = URLConvertible.swift; sourceTree = "<group>"; };
		1B9825B827322D8E0043C941 /* Constraints+Beam.swift */ = {isa = PBXFileReference; lastKnownFileType = sourcecode.swift; path = "Constraints+Beam.swift"; sourceTree = "<group>"; };
		1B9825B927322D8E0043C941 /* Font+Beam.swift */ = {isa = PBXFileReference; lastKnownFileType = sourcecode.swift; path = "Font+Beam.swift"; sourceTree = "<group>"; };
		1B9825BA27322D8E0043C941 /* Poppins-Regular.ttf */ = {isa = PBXFileReference; lastKnownFileType = file; path = "Poppins-Regular.ttf"; sourceTree = "<group>"; };
		1B9825BB27322D8E0043C941 /* Poppins-Bold.ttf */ = {isa = PBXFileReference; lastKnownFileType = file; path = "Poppins-Bold.ttf"; sourceTree = "<group>"; };
		1B9825BC27322D8E0043C941 /* Color+Beam.swift */ = {isa = PBXFileReference; lastKnownFileType = sourcecode.swift; path = "Color+Beam.swift"; sourceTree = "<group>"; };
		1B9825BD27322D8E0043C941 /* UIView+Beam.swift */ = {isa = PBXFileReference; lastKnownFileType = sourcecode.swift; path = "UIView+Beam.swift"; sourceTree = "<group>"; };
		1B9825BE27322D8E0043C941 /* Poppins-SemiBold.ttf */ = {isa = PBXFileReference; lastKnownFileType = file; path = "Poppins-SemiBold.ttf"; sourceTree = "<group>"; };
/* End PBXFileReference section */

/* Begin PBXFrameworksBuildPhase section */
		1B174E5A27315BF300C8F8B3 /* Frameworks */ = {
			isa = PBXFrameworksBuildPhase;
			buildActionMask = 2147483647;
			files = (
			);
			runOnlyForDeploymentPostprocessing = 0;
		};
/* End PBXFrameworksBuildPhase section */

/* Begin PBXGroup section */
		1B174E5327315BF300C8F8B3 = {
			isa = PBXGroup;
			children = (
				1B05028627316A93001A1189 /* BeamMedia.xcassets */,
				1B174E5F27315BF300C8F8B3 /* BeamEnterpriseKit */,
				1B174E5E27315BF300C8F8B3 /* Products */,
			);
			sourceTree = "<group>";
		};
		1B174E5E27315BF300C8F8B3 /* Products */ = {
			isa = PBXGroup;
			children = (
				1B174E5D27315BF300C8F8B3 /* BeamEnterpriseKit.framework */,
			);
			name = Products;
			sourceTree = "<group>";
		};
		1B174E5F27315BF300C8F8B3 /* BeamEnterpriseKit */ = {
			isa = PBXGroup;
			children = (
				1B9825AE27322D4A0043C941 /* Impact */,
				1B98258A27322D1F0043C941 /* UI */,
				1B98257C27322CFB0043C941 /* Admin */,
				1B98256B27322CAA0043C941 /* Choose */,
				1B98254E27322B530043C941 /* Log.swift */,
				1B174E6027315BF300C8F8B3 /* BeamEnterpriseKit.h */,
				1B174E6127315BF300C8F8B3 /* Info.plist */,
			);
			path = BeamEnterpriseKit;
			sourceTree = "<group>";
		};
		1B98256B27322CAA0043C941 /* Choose */ = {
			isa = PBXGroup;
			children = (
				1B98255727322C990043C941 /* BK_INSChooseNonprofitVC.swift */,
				1B98255227322C980043C941 /* BK_INSNonprofitButton.swift */,
				1B98255A27322C990043C941 /* BK_INSTutorialDialogVC.swift */,
				1B98255627322C990043C941 /* BK_INSTutorialVC.swift */,
				1B98255427322C980043C941 /* BKChooseNonprofitVC.swift */,
				1B98255C27322C990043C941 /* BKMatchTransactionView.swift */,
				1B98255B27322C990043C941 /* BKTransactionContext.swift */,
				1B98255827322C990043C941 /* BKTransactionView.swift */,
				1B98255D27322C9A0043C941 /* NonprofitAPI.swift */,
				1B98255327322C980043C941 /* NonprofitView.swift */,
				1B98255527322C980043C941 /* Transaction.swift */,
				1B98255927322C990043C941 /* TransactionAPI.swift */,
				1B98254D27322B530043C941 /* BKChooseNonprofitFlow.swift */,
			);
			path = Choose;
			sourceTree = "<group>";
		};
		1B98257C27322CFB0043C941 /* Admin */ = {
			isa = PBXGroup;
			children = (
				1B9825B227322D700043C941 /* ImageNetworking.swift */,
				1B9825B127322D700043C941 /* Network.swift */,
				1B9825B327322D700043C941 /* URLConvertible.swift */,
				1B98257227322CF00043C941 /* BeamError.swift */,
				1B98257327322CF00043C941 /* BeamKitContext.swift */,
				1B98257127322CF00043C941 /* BeamKitUserAPI.swift */,
				1B98257427322CF00043C941 /* BKManager.swift */,
			);
			path = Admin;
			sourceTree = "<group>";
		};
		1B98258A27322D1F0043C941 /* UI */ = {
			isa = PBXGroup;
			children = (
				1B9825BC27322D8E0043C941 /* Color+Beam.swift */,
				1B9825B827322D8E0043C941 /* Constraints+Beam.swift */,
				1B9825B927322D8E0043C941 /* Font+Beam.swift */,
				1B9825BB27322D8E0043C941 /* Poppins-Bold.ttf */,
				1B9825BA27322D8E0043C941 /* Poppins-Regular.ttf */,
				1B9825BE27322D8E0043C941 /* Poppins-SemiBold.ttf */,
				1B9825BD27322D8E0043C941 /* UIView+Beam.swift */,
				1B98257E27322D130043C941 /* BackArrowButton.swift */,
				1B98257F27322D130043C941 /* BK_INSToolTip.swift */,
				1B98258227322D130043C941 /* BKGradientButton.swift */,
				1B98257D27322D130043C941 /* GradientLayer.swift */,
				1B98258027322D130043C941 /* GradientTextView.swift */,
				1B98258127322D130043C941 /* ProgressBar.swift */,
			);
			path = UI;
			sourceTree = "<group>";
		};
		1B9825AE27322D4A0043C941 /* Impact */ = {
			isa = PBXGroup;
			children = (
				1B98258B27322D390043C941 /* BK_INSCommunityTile.swift */,
				1B98259127322D390043C941 /* BK_INSCumulativeImpactView.swift */,
				1B98259027322D390043C941 /* BK_INSImpactVC.swift */,
				1B98258E27322D390043C941 /* BK_INSPersonalImpactView.swift */,
				1B98259227322D3A0043C941 /* BKCommunityImpactCell.swift */,
				1B98259727322D3A0043C941 /* BKCommunityImpactVC.swift */,
				1B98259527322D3A0043C941 /* BKFullImpactVC.swift */,
				1B98259A27322D3A0043C941 /* BKImpact.swift */,
				1B98258C27322D390043C941 /* BKImpactCell.swift */,
				1B98259427322D3A0043C941 /* BKImpactContext.swift */,
				1B98258F27322D390043C941 /* BKImpactFlow.swift */,
				1B98258D27322D390043C941 /* BKImpactPageVC.swift */,
				1B98259627322D3A0043C941 /* BKImpactSlideView.swift */,
				1B98259827322D3A0043C941 /* BKImpactVC.swift */,
				1B98259327322D3A0043C941 /* BkImpactView.swift */,
				1B98259927322D3A0043C941 /* ImpactAPI.swift */,
				1B98259B27322D3A0043C941 /* TitleImageView.swift */,
			);
			path = Impact;
			sourceTree = "<group>";
		};
/* End PBXGroup section */

/* Begin PBXHeadersBuildPhase section */
		1B174E5827315BF300C8F8B3 /* Headers */ = {
			isa = PBXHeadersBuildPhase;
			buildActionMask = 2147483647;
			files = (
				1B174E6227315BF300C8F8B3 /* BeamEnterpriseKit.h in Headers */,
			);
			runOnlyForDeploymentPostprocessing = 0;
		};
/* End PBXHeadersBuildPhase section */

/* Begin PBXNativeTarget section */
		1B174E5C27315BF300C8F8B3 /* BeamEnterpriseKit */ = {
			isa = PBXNativeTarget;
			buildConfigurationList = 1B174E6527315BF300C8F8B3 /* Build configuration list for PBXNativeTarget "BeamEnterpriseKit" */;
			buildPhases = (
				1B174E5827315BF300C8F8B3 /* Headers */,
				1B174E5927315BF300C8F8B3 /* Sources */,
				1B174E5A27315BF300C8F8B3 /* Frameworks */,
				1B174E5B27315BF300C8F8B3 /* Resources */,
			);
			buildRules = (
			);
			dependencies = (
			);
			name = BeamEnterpriseKit;
			productName = BeamEnterpriseKit;
			productReference = 1B174E5D27315BF300C8F8B3 /* BeamEnterpriseKit.framework */;
			productType = "com.apple.product-type.framework";
		};
/* End PBXNativeTarget section */

/* Begin PBXProject section */
		1B174E5427315BF300C8F8B3 /* Project object */ = {
			isa = PBXProject;
			attributes = {
				LastUpgradeCheck = 1200;
				TargetAttributes = {
					1B174E5C27315BF300C8F8B3 = {
						CreatedOnToolsVersion = 12.0.1;
						LastSwiftMigration = 1200;
					};
				};
			};
			buildConfigurationList = 1B174E5727315BF300C8F8B3 /* Build configuration list for PBXProject "BeamEnterpriseKit" */;
			compatibilityVersion = "Xcode 9.3";
			developmentRegion = en;
			hasScannedForEncodings = 0;
			knownRegions = (
				en,
				Base,
			);
			mainGroup = 1B174E5327315BF300C8F8B3;
			productRefGroup = 1B174E5E27315BF300C8F8B3 /* Products */;
			projectDirPath = "";
			projectRoot = "";
			targets = (
				1B174E5C27315BF300C8F8B3 /* BeamEnterpriseKit */,
			);
		};
/* End PBXProject section */

/* Begin PBXResourcesBuildPhase section */
		1B174E5B27315BF300C8F8B3 /* Resources */ = {
			isa = PBXResourcesBuildPhase;
			buildActionMask = 2147483647;
			files = (
				1B7BC4182732563500BB7CC3 /* Poppins-Bold.ttf in Resources */,
				1B7BC4192732563500BB7CC3 /* Poppins-Regular.ttf in Resources */,
				1B7BC41A2732563500BB7CC3 /* Poppins-SemiBold.ttf in Resources */,
				1B05028727316A93001A1189 /* BeamMedia.xcassets in Resources */,
			);
			runOnlyForDeploymentPostprocessing = 0;
		};
/* End PBXResourcesBuildPhase section */

/* Begin PBXSourcesBuildPhase section */
		1B174E5927315BF300C8F8B3 /* Sources */ = {
			isa = PBXSourcesBuildPhase;
			buildActionMask = 2147483647;
			files = (
				1B9825BF27322D8E0043C941 /* Constraints+Beam.swift in Sources */,
				1B9825C027322D8E0043C941 /* Font+Beam.swift in Sources */,
				1B9825C327322D8E0043C941 /* Color+Beam.swift in Sources */,
				1B9825C427322D8E0043C941 /* UIView+Beam.swift in Sources */,
				1B9825B427322D700043C941 /* Network.swift in Sources */,
				1B9825B527322D700043C941 /* ImageNetworking.swift in Sources */,
				1B9825B627322D700043C941 /* URLConvertible.swift in Sources */,
				1B98259C27322D3A0043C941 /* BK_INSCommunityTile.swift in Sources */,
				1B98259D27322D3A0043C941 /* BKImpactCell.swift in Sources */,
				1B98259E27322D3A0043C941 /* BKImpactPageVC.swift in Sources */,
				1B98259F27322D3A0043C941 /* BK_INSPersonalImpactView.swift in Sources */,
				1B9825A027322D3A0043C941 /* BKImpactFlow.swift in Sources */,
				1B9825A127322D3A0043C941 /* BK_INSImpactVC.swift in Sources */,
				1B9825A227322D3A0043C941 /* BK_INSCumulativeImpactView.swift in Sources */,
				1B9825A327322D3A0043C941 /* BKCommunityImpactCell.swift in Sources */,
				1B9825A427322D3A0043C941 /* BkImpactView.swift in Sources */,
				1B9825A527322D3A0043C941 /* BKImpactContext.swift in Sources */,
				1B9825A627322D3B0043C941 /* BKFullImpactVC.swift in Sources */,
				1B9825A727322D3B0043C941 /* BKImpactSlideView.swift in Sources */,
				1B9825A827322D3B0043C941 /* BKCommunityImpactVC.swift in Sources */,
				1B9825A927322D3B0043C941 /* BKImpactVC.swift in Sources */,
				1B9825AA27322D3B0043C941 /* ImpactAPI.swift in Sources */,
				1B9825AB27322D3B0043C941 /* BKImpact.swift in Sources */,
				1B9825AC27322D3B0043C941 /* TitleImageView.swift in Sources */,
				1B98258327322D140043C941 /* GradientLayer.swift in Sources */,
				1B98258427322D140043C941 /* BackArrowButton.swift in Sources */,
				1B98258527322D140043C941 /* BK_INSToolTip.swift in Sources */,
				1B98258627322D140043C941 /* GradientTextView.swift in Sources */,
				1B98258727322D140043C941 /* ProgressBar.swift in Sources */,
				1B98258827322D140043C941 /* BKGradientButton.swift in Sources */,
				1B98257527322CF00043C941 /* BeamKitUserAPI.swift in Sources */,
				1B98257627322CF00043C941 /* BeamError.swift in Sources */,
				1B98257727322CF00043C941 /* BeamKitContext.swift in Sources */,
				1B98257827322CF00043C941 /* BKManager.swift in Sources */,
				1B98255E27322C9A0043C941 /* BK_INSNonprofitButton.swift in Sources */,
				1B98255F27322C9A0043C941 /* NonprofitView.swift in Sources */,
				1B98256027322C9A0043C941 /* BKChooseNonprofitVC.swift in Sources */,
				1B98256127322C9A0043C941 /* Transaction.swift in Sources */,
				1B98256227322C9A0043C941 /* BK_INSTutorialVC.swift in Sources */,
				1B98256327322C9A0043C941 /* BK_INSChooseNonprofitVC.swift in Sources */,
				1B98256427322C9A0043C941 /* BKTransactionView.swift in Sources */,
				1B98256527322C9A0043C941 /* TransactionAPI.swift in Sources */,
				1B98256627322C9A0043C941 /* BK_INSTutorialDialogVC.swift in Sources */,
				1B98256727322C9A0043C941 /* BKTransactionContext.swift in Sources */,
				1B98256827322C9A0043C941 /* BKMatchTransactionView.swift in Sources */,
				1B98256927322C9A0043C941 /* NonprofitAPI.swift in Sources */,
				1B98254F27322B530043C941 /* BKChooseNonprofitFlow.swift in Sources */,
				1B98255027322B530043C941 /* Log.swift in Sources */,
			);
			runOnlyForDeploymentPostprocessing = 0;
		};
/* End PBXSourcesBuildPhase section */

/* Begin XCBuildConfiguration section */
		1B174E6327315BF300C8F8B3 /* Debug */ = {
			isa = XCBuildConfiguration;
			buildSettings = {
				ALWAYS_SEARCH_USER_PATHS = NO;
				CLANG_ANALYZER_NONNULL = YES;
				CLANG_ANALYZER_NUMBER_OBJECT_CONVERSION = YES_AGGRESSIVE;
				CLANG_CXX_LANGUAGE_STANDARD = "gnu++14";
				CLANG_CXX_LIBRARY = "libc++";
				CLANG_ENABLE_MODULES = YES;
				CLANG_ENABLE_OBJC_ARC = YES;
				CLANG_ENABLE_OBJC_WEAK = YES;
				CLANG_WARN_BLOCK_CAPTURE_AUTORELEASING = YES;
				CLANG_WARN_BOOL_CONVERSION = YES;
				CLANG_WARN_COMMA = YES;
				CLANG_WARN_CONSTANT_CONVERSION = YES;
				CLANG_WARN_DEPRECATED_OBJC_IMPLEMENTATIONS = YES;
				CLANG_WARN_DIRECT_OBJC_ISA_USAGE = YES_ERROR;
				CLANG_WARN_DOCUMENTATION_COMMENTS = YES;
				CLANG_WARN_EMPTY_BODY = YES;
				CLANG_WARN_ENUM_CONVERSION = YES;
				CLANG_WARN_INFINITE_RECURSION = YES;
				CLANG_WARN_INT_CONVERSION = YES;
				CLANG_WARN_NON_LITERAL_NULL_CONVERSION = YES;
				CLANG_WARN_OBJC_IMPLICIT_RETAIN_SELF = YES;
				CLANG_WARN_OBJC_LITERAL_CONVERSION = YES;
				CLANG_WARN_OBJC_ROOT_CLASS = YES_ERROR;
				CLANG_WARN_QUOTED_INCLUDE_IN_FRAMEWORK_HEADER = YES;
				CLANG_WARN_RANGE_LOOP_ANALYSIS = YES;
				CLANG_WARN_STRICT_PROTOTYPES = YES;
				CLANG_WARN_SUSPICIOUS_MOVE = YES;
				CLANG_WARN_UNGUARDED_AVAILABILITY = YES_AGGRESSIVE;
				CLANG_WARN_UNREACHABLE_CODE = YES;
				CLANG_WARN__DUPLICATE_METHOD_MATCH = YES;
				COPY_PHASE_STRIP = NO;
				CURRENT_PROJECT_VERSION = 1;
				DEBUG_INFORMATION_FORMAT = dwarf;
				ENABLE_STRICT_OBJC_MSGSEND = YES;
				ENABLE_TESTABILITY = YES;
				GCC_C_LANGUAGE_STANDARD = gnu11;
				GCC_DYNAMIC_NO_PIC = NO;
				GCC_NO_COMMON_BLOCKS = YES;
				GCC_OPTIMIZATION_LEVEL = 0;
				GCC_PREPROCESSOR_DEFINITIONS = (
					"DEBUG=1",
					"$(inherited)",
				);
				GCC_WARN_64_TO_32_BIT_CONVERSION = YES;
				GCC_WARN_ABOUT_RETURN_TYPE = YES_ERROR;
				GCC_WARN_UNDECLARED_SELECTOR = YES;
				GCC_WARN_UNINITIALIZED_AUTOS = YES_AGGRESSIVE;
				GCC_WARN_UNUSED_FUNCTION = YES;
				GCC_WARN_UNUSED_VARIABLE = YES;
				IPHONEOS_DEPLOYMENT_TARGET = 12.0;
				MTL_ENABLE_DEBUG_INFO = INCLUDE_SOURCE;
				MTL_FAST_MATH = YES;
				ONLY_ACTIVE_ARCH = YES;
				SDKROOT = iphoneos;
				SWIFT_ACTIVE_COMPILATION_CONDITIONS = DEBUG;
				SWIFT_OPTIMIZATION_LEVEL = "-Onone";
				VERSIONING_SYSTEM = "apple-generic";
				VERSION_INFO_PREFIX = "";
			};
			name = Debug;
		};
		1B174E6427315BF300C8F8B3 /* Release */ = {
			isa = XCBuildConfiguration;
			buildSettings = {
				ALWAYS_SEARCH_USER_PATHS = NO;
				CLANG_ANALYZER_NONNULL = YES;
				CLANG_ANALYZER_NUMBER_OBJECT_CONVERSION = YES_AGGRESSIVE;
				CLANG_CXX_LANGUAGE_STANDARD = "gnu++14";
				CLANG_CXX_LIBRARY = "libc++";
				CLANG_ENABLE_MODULES = YES;
				CLANG_ENABLE_OBJC_ARC = YES;
				CLANG_ENABLE_OBJC_WEAK = YES;
				CLANG_WARN_BLOCK_CAPTURE_AUTORELEASING = YES;
				CLANG_WARN_BOOL_CONVERSION = YES;
				CLANG_WARN_COMMA = YES;
				CLANG_WARN_CONSTANT_CONVERSION = YES;
				CLANG_WARN_DEPRECATED_OBJC_IMPLEMENTATIONS = YES;
				CLANG_WARN_DIRECT_OBJC_ISA_USAGE = YES_ERROR;
				CLANG_WARN_DOCUMENTATION_COMMENTS = YES;
				CLANG_WARN_EMPTY_BODY = YES;
				CLANG_WARN_ENUM_CONVERSION = YES;
				CLANG_WARN_INFINITE_RECURSION = YES;
				CLANG_WARN_INT_CONVERSION = YES;
				CLANG_WARN_NON_LITERAL_NULL_CONVERSION = YES;
				CLANG_WARN_OBJC_IMPLICIT_RETAIN_SELF = YES;
				CLANG_WARN_OBJC_LITERAL_CONVERSION = YES;
				CLANG_WARN_OBJC_ROOT_CLASS = YES_ERROR;
				CLANG_WARN_QUOTED_INCLUDE_IN_FRAMEWORK_HEADER = YES;
				CLANG_WARN_RANGE_LOOP_ANALYSIS = YES;
				CLANG_WARN_STRICT_PROTOTYPES = YES;
				CLANG_WARN_SUSPICIOUS_MOVE = YES;
				CLANG_WARN_UNGUARDED_AVAILABILITY = YES_AGGRESSIVE;
				CLANG_WARN_UNREACHABLE_CODE = YES;
				CLANG_WARN__DUPLICATE_METHOD_MATCH = YES;
				COPY_PHASE_STRIP = NO;
				CURRENT_PROJECT_VERSION = 1;
				DEBUG_INFORMATION_FORMAT = "dwarf-with-dsym";
				ENABLE_NS_ASSERTIONS = NO;
				ENABLE_STRICT_OBJC_MSGSEND = YES;
				GCC_C_LANGUAGE_STANDARD = gnu11;
				GCC_NO_COMMON_BLOCKS = YES;
				GCC_WARN_64_TO_32_BIT_CONVERSION = YES;
				GCC_WARN_ABOUT_RETURN_TYPE = YES_ERROR;
				GCC_WARN_UNDECLARED_SELECTOR = YES;
				GCC_WARN_UNINITIALIZED_AUTOS = YES_AGGRESSIVE;
				GCC_WARN_UNUSED_FUNCTION = YES;
				GCC_WARN_UNUSED_VARIABLE = YES;
				IPHONEOS_DEPLOYMENT_TARGET = 12.0;
				MTL_ENABLE_DEBUG_INFO = NO;
				MTL_FAST_MATH = YES;
				SDKROOT = iphoneos;
				SWIFT_COMPILATION_MODE = wholemodule;
				SWIFT_OPTIMIZATION_LEVEL = "-O";
				VALIDATE_PRODUCT = YES;
				VERSIONING_SYSTEM = "apple-generic";
				VERSION_INFO_PREFIX = "";
			};
			name = Release;
		};
		1B174E6627315BF300C8F8B3 /* Debug */ = {
			isa = XCBuildConfiguration;
			buildSettings = {
				BUILD_LIBRARY_FOR_DISTRIBUTION = YES;
				CLANG_ENABLE_MODULES = YES;
				CODE_SIGN_STYLE = Automatic;
				CURRENT_PROJECT_VERSION = 2;
				DEFINES_MODULE = YES;
				DEVELOPMENT_TEAM = EXU7YC35JG;
				DYLIB_COMPATIBILITY_VERSION = 1;
				DYLIB_CURRENT_VERSION = 1;
				DYLIB_INSTALL_NAME_BASE = "@rpath";
				INFOPLIST_FILE = BeamEnterpriseKit/Info.plist;
				INSTALL_PATH = "$(LOCAL_LIBRARY_DIR)/Frameworks";
				IPHONEOS_DEPLOYMENT_TARGET = 12.0;
				LD_RUNPATH_SEARCH_PATHS = (
					"$(inherited)",
					"@executable_path/Frameworks",
					"@loader_path/Frameworks",
				);
				MARKETING_VERSION = 1.0.4;
				PRODUCT_BUNDLE_IDENTIFIER = us.crro.beamapp.BeamApp.BeamEnterpriseKit;
				PRODUCT_NAME = "$(TARGET_NAME:c99extidentifier)";
				SKIP_INSTALL = NO;
				SUPPORTS_MACCATALYST = NO;
				SWIFT_OPTIMIZATION_LEVEL = "-Onone";
				SWIFT_VERSION = 5.0;
				TARGETED_DEVICE_FAMILY = 1;
			};
			name = Debug;
		};
		1B174E6727315BF300C8F8B3 /* Release */ = {
			isa = XCBuildConfiguration;
			buildSettings = {
				BUILD_LIBRARY_FOR_DISTRIBUTION = YES;
				CLANG_ENABLE_MODULES = YES;
				CODE_SIGN_STYLE = Automatic;
				CURRENT_PROJECT_VERSION = 2;
				DEFINES_MODULE = YES;
				DEVELOPMENT_TEAM = EXU7YC35JG;
				DYLIB_COMPATIBILITY_VERSION = 1;
				DYLIB_CURRENT_VERSION = 1;
				DYLIB_INSTALL_NAME_BASE = "@rpath";
				INFOPLIST_FILE = BeamEnterpriseKit/Info.plist;
				INSTALL_PATH = "$(LOCAL_LIBRARY_DIR)/Frameworks";
				IPHONEOS_DEPLOYMENT_TARGET = 12.0;
				LD_RUNPATH_SEARCH_PATHS = (
					"$(inherited)",
					"@executable_path/Frameworks",
					"@loader_path/Frameworks",
				);
				MARKETING_VERSION = 1.0.4;
				PRODUCT_BUNDLE_IDENTIFIER = us.crro.beamapp.BeamApp.BeamEnterpriseKit;
				PRODUCT_NAME = "$(TARGET_NAME:c99extidentifier)";
				SKIP_INSTALL = NO;
				SUPPORTS_MACCATALYST = NO;
				SWIFT_VERSION = 5.0;
				TARGETED_DEVICE_FAMILY = 1;
			};
			name = Release;
		};
/* End XCBuildConfiguration section */

/* Begin XCConfigurationList section */
		1B174E5727315BF300C8F8B3 /* Build configuration list for PBXProject "BeamEnterpriseKit" */ = {
			isa = XCConfigurationList;
			buildConfigurations = (
				1B174E6327315BF300C8F8B3 /* Debug */,
				1B174E6427315BF300C8F8B3 /* Release */,
			);
			defaultConfigurationIsVisible = 0;
			defaultConfigurationName = Release;
		};
		1B174E6527315BF300C8F8B3 /* Build configuration list for PBXNativeTarget "BeamEnterpriseKit" */ = {
			isa = XCConfigurationList;
			buildConfigurations = (
				1B174E6627315BF300C8F8B3 /* Debug */,
				1B174E6727315BF300C8F8B3 /* Release */,
			);
			defaultConfigurationIsVisible = 0;
			defaultConfigurationName = Release;
		};
/* End XCConfigurationList section */
	};
	rootObject = 1B174E5427315BF300C8F8B3 /* Project object */;
}
